{
  "name": "server",
  "version": "1.0.0",
  "lockfileVersion": 1,
  "requires": true,
  "dependencies": {
    "koa": {
      "version": "2.5.0",
      "resolved": "http://registry.npm.taobao.org/koa/download/koa-2.5.0.tgz",
      "integrity": "sha1-sPvh4ZXkOydYigT9C+DdrsosFUw="
    },
    "koa-bodyparser": {
      "version": "4.2.0",
      "resolved": "http://registry.npm.taobao.org/koa-bodyparser/download/koa-bodyparser-4.2.0.tgz",
      "integrity": "sha1-vObgi8Zfhwm20fqpQRx/DYk4qlQ="
    },
    "koa-logger": {
      "version": "3.2.0",
      "resolved": "http://registry.npm.taobao.org/koa-logger/download/koa-logger-3.2.0.tgz",
      "integrity": "sha1-iu9k2LhI+2JTqbMapwjQ4FFB8OY="
    },
    "koa-router": {
      "version": "7.4.0",
      "resolved": "http://registry.npm.taobao.org/koa-router/download/koa-router-7.4.0.tgz",
      "integrity": "sha1-ruH3rcAtXLMdfWdGXJ6syCXoxeA=",
      "dependencies": {
        "koa-compose": {
          "version": "3.2.1",
          "resolved": "http://registry.npm.taobao.org/koa-compose/download/koa-compose-3.2.1.tgz",
          "integrity": "sha1-qFzLQLfZhtjlo0Wzoazo6rz1Tec="
        }
      }
    },
    "koa-session": {
      "version": "5.8.1",
      "resolved": "http://registry.npm.taobao.org/koa-session/download/koa-session-5.8.1.tgz",
      "integrity": "sha1-9XtViiDk2nE8wvlr+meUa7QRBUg=",
      "dependencies": {
        "debug": {
          "version": "2.6.9",
          "resolved": "http://registry.npm.taobao.org/debug/download/debug-2.6.9.tgz",
          "integrity": "sha1-XRKFFd8TT/Mn6QpMk/Tgd6U2NB8="
        }
      }
    },
    "mongoose": {
      "version": "5.0.15",
      "resolved": "http://registry.npm.taobao.org/mongoose/download/mongoose-5.0.15.tgz",
      "integrity": "sha1-UmCmXld3Ikrmok9dyLjTm1SMgmw="
    },
    "nodemailer": {
      "version": "6.4.16",
      "resolved": "https://registry.npmjs.org/nodemailer/-/nodemailer-6.4.16.tgz",
      "integrity": "sha512-68K0LgZ6hmZ7PVmwL78gzNdjpj5viqBdFqKrTtr9bZbJYj6BRj5W6WGkxXrEnUl3Co3CBXi3CZBUlpV/foGnOQ=="
    },
    "nodemailer-smtp-transport": {
      "version": "2.7.4",
      "resolved": "http://registry.npm.taobao.org/nodemailer-smtp-transport/download/nodemailer-smtp-transport-2.7.4.tgz",
      "integrity": "sha1-DYmvAZoUSkgP2OzJmZfZ+DjxNoU="
    },
    "socket.io": {
      "version": "2.1.1",
      "resolved": "http://registry.npm.taobao.org/socket.io/download/socket.io-2.1.1.tgz",
      "integrity": "sha1-oGnF/qvuPmshSnW0DOBlLhz7mYA="
    },
    "speakeasy": {
      "version": "2.0.0",
      "resolved": "http://registry.npm.taobao.org/speakeasy/download/speakeasy-2.0.0.tgz",
      "integrity": "sha1-hckaBxsJpcuGQlkNmDVmFl9XYTo="
    },
    "uuid": {
      "version": "3.2.1",
      "resolved": "http://registry.npm.taobao.org/uuid/download/uuid-3.2.1.tgz",
      "integrity": "sha1-EsUou51Y0LkmXZovbw/ovhf/HxQ="
    },
    "xss": {
      "version": "0.3.8",
      "resolved": "http://registry.npm.taobao.org/xss/download/xss-0.3.8.tgz",
      "integrity": "sha1-0MviO95JC8mME58I3jiZFlporw4="
    }
  }
}
